{
  "meteor": {},
  "dependencies": {
    "basePackages": {
      "x-editable-bootstrap": {},
      "select2": {},
      "font-awesome": {},
      "router": {},
      "handlebar-helpers": {},
      "messageformat": {
        "path": "../../smart/messageformat"
      },
      "flag-webicons": {}
    },
    "packages": {
      "x-editable-bootstrap": {
        "git": "https://github.com/nate-strauser/meteor-x-editable-bootstrap.git",
        "tag": "v1.4.5b",
        "commit": "1a5ac4258d69bffeb48035bc263d88c034871de5"
      },
      "select2": {
        "git": "https://github.com/nate-strauser/meteor-select2.git",
        "tag": "v3.4.0",
        "commit": "a731bdb357cadd840aa5d9a3e893ab3df097a09c"
      },
      "font-awesome": {
        "git": "https://github.com/nate-strauser/meteor-font-awesome.git",
        "tag": "v3.2.0",
        "commit": "2cba6f907a2579cae2d399b522f9544c13d5e091"
      },
      "router": {
        "git": "https://github.com/tmeasday/meteor-router.git",
        "tag": "v0.5.4",
        "commit": "e40ee450a756b54a32ed67be4595772403256fb5"
      },
      "handlebar-helpers": {
        "git": "https://github.com/raix/Meteor-handlebar-helpers.git",
        "tag": "v0.0.6",
        "commit": "8ca9ab1edcbb7d1ef935d4ad8c7e32479ea70b24"
      },
      "messageformat": {
        "path": "../../smart/messageformat"
      },
      "flag-webicons": {
        "git": "https://github.com/gadicohen/meteor-flag-webicons.git",
        "tag": "v1.0.1",
        "commit": "387185bc00e649ccd652498f9d53b3685673979c"
      },
      "page-js-ie-support": {
        "git": "https://github.com/tmeasday/meteor-page-js-ie-support.git",
        "tag": "v1.3.5",
        "commit": "b99ed8380aefd10b2afc8f18d9eed4dd0d8ea9cb"
      },
      "HTML5-History-API": {
        "git": "https://github.com/tmeasday/meteor-HTML5-History-API.git",
        "tag": "v4.0.0",
        "commit": "dc4965f1424cfca625ec3fbea17eace03f8e32c5"
      },
      "modernizr-meteor": {
        "git": "https://github.com/ckir/modernizr-meteor.git",
        "tag": "v2.6.2",
        "commit": "391ca2a3beff3cd2b0e1099cb2d744b5a2e8a73e"
      }
    }
  }
}
